
Microsoft Visual Studio Solution File, Format Version 12.00
# Visual Studio Version 17
VisualStudioVersion = 17.14.36327.8
MinimumVisualStudioVersion = 10.0.40219.1
Project("{FAE04EC0-301F-11D3-BF4B-00C04F79EFBC}") = "HexagonalArquitecture", "HexagonalArquitecture.csproj", "{FD5CEF50-0651-4DE5-8CE7-B8FC6EF4FC41}"
EndProject
Project("{FAE04EC0-301F-11D3-BF4B-00C04F79EFBC}") = "Dominio", "..\Dominio\Dominio.csproj", "{91E0CE76-4FAD-4247-BA1B-FF528097CAA2}"
EndProject
Project("{FAE04EC0-301F-11D3-BF4B-00C04F79EFBC}") = "JsonRepository", "..\JsonRepository\JsonRepository.csproj", "{F85CA9BB-EF4C-4A9B-A09D-318C2BCEA599}"
EndProject
Project("{FAE04EC0-301F-11D3-BF4B-00C04F79EFBC}") = "ConsoleApp", "..\ConsoleApp\ConsoleApp.csproj", "{5D6D8B6C-AFDA-4637-AAE0-2471BB7DB428}"
EndProject
Global
	GlobalSection(SolutionConfigurationPlatforms) = preSolution
		Debug|Any CPU = Debug|Any CPU
		Release|Any CPU = Release|Any CPU
	EndGlobalSection
	GlobalSection(ProjectConfigurationPlatforms) = postSolution
		{FD5CEF50-0651-4DE5-8CE7-B8FC6EF4FC41}.Debug|Any CPU.ActiveCfg = Debug|Any CPU
		{FD5CEF50-0651-4DE5-8CE7-B8FC6EF4FC41}.Debug|Any CPU.Build.0 = Debug|Any CPU
		{FD5CEF50-0651-4DE5-8CE7-B8FC6EF4FC41}.Release|Any CPU.ActiveCfg = Release|Any CPU
		{FD5CEF50-0651-4DE5-8CE7-B8FC6EF4FC41}.Release|Any CPU.Build.0 = Release|Any CPU
		{91E0CE76-4FAD-4247-BA1B-FF528097CAA2}.Debug|Any CPU.ActiveCfg = Debug|Any CPU
		{91E0CE76-4FAD-4247-BA1B-FF528097CAA2}.Debug|Any CPU.Build.0 = Debug|Any CPU
		{91E0CE76-4FAD-4247-BA1B-FF528097CAA2}.Release|Any CPU.ActiveCfg = Release|Any CPU
		{91E0CE76-4FAD-4247-BA1B-FF528097CAA2}.Release|Any CPU.Build.0 = Release|Any CPU
		{F85CA9BB-EF4C-4A9B-A09D-318C2BCEA599}.Debug|Any CPU.ActiveCfg = Debug|Any CPU
		{F85CA9BB-EF4C-4A9B-A09D-318C2BCEA599}.Debug|Any CPU.Build.0 = Debug|Any CPU
		{F85CA9BB-EF4C-4A9B-A09D-318C2BCEA599}.Release|Any CPU.ActiveCfg = Release|Any CPU
		{F85CA9BB-EF4C-4A9B-A09D-318C2BCEA599}.Release|Any CPU.Build.0 = Release|Any CPU
		{5D6D8B6C-AFDA-4637-AAE0-2471BB7DB428}.Debug|Any CPU.ActiveCfg = Debug|Any CPU
		{5D6D8B6C-AFDA-4637-AAE0-2471BB7DB428}.Debug|Any CPU.Build.0 = Debug|Any CPU
		{5D6D8B6C-AFDA-4637-AAE0-2471BB7DB428}.Release|Any CPU.ActiveCfg = Release|Any CPU
		{5D6D8B6C-AFDA-4637-AAE0-2471BB7DB428}.Release|Any CPU.Build.0 = Release|Any CPU
	EndGlobalSection
	GlobalSection(SolutionProperties) = preSolution
		HideSolutionNode = FALSE
	EndGlobalSection
	GlobalSection(ExtensibilityGlobals) = postSolution
		SolutionGuid = {A6F3EFFB-7D11-4302-AD20-F18A21E2A8CF}
	EndGlobalSection
EndGlobal
